
Microsoft Visual Studio Solution File, Format Version 12.00
# Visual Studio Version 16
VisualStudioVersion = 16.0.29020.237
MinimumVisualStudioVersion = 10.0.40219.1
Project("{FAE04EC0-301F-11D3-BF4B-00C04F79EFBC}") = "Rabbus", "Rabbus\Rabbus.csproj", "{F6697C68-898A-4F8A-956A-A28374EE691B}"
EndProject
Global
	GlobalSection(SolutionConfigurationPlatforms) = preSolution
		Debug|Any CPU = Debug|Any CPU
		Release|Any CPU = Release|Any CPU
	EndGlobalSection
	GlobalSection(ProjectConfigurationPlatforms) = postSolution
		{F6697C68-898A-4F8A-956A-A28374EE691B}.Debug|Any CPU.ActiveCfg = Debug|Any CPU
		{F6697C68-898A-4F8A-956A-A28374EE691B}.Debug|Any CPU.Build.0 = Debug|Any CPU
		{F6697C68-898A-4F8A-956A-A28374EE691B}.Release|Any CPU.ActiveCfg = Release|Any CPU
		{F6697C68-898A-4F8A-956A-A28374EE691B}.Release|Any CPU.Build.0 = Release|Any CPU
	EndGlobalSection
	GlobalSection(SolutionProperties) = preSolution
		HideSolutionNode = FALSE
	EndGlobalSection
	GlobalSection(ExtensibilityGlobals) = postSolution
		SolutionGuid = {175F0176-50B1-451B-BDF1-01D9177081D3}
	EndGlobalSection
EndGlobal
